
Microsoft Visual Studio Solution File, Format Version 12.00
# Visual Studio Version 17
VisualStudioVersion = 17.11.35312.102
MinimumVisualStudioVersion = 10.0.40219.1
Project("{FAE04EC0-301F-11D3-BF4B-00C04F79EFBC}") = "WD1", "WD1\WD1.csproj", "{B771549D-249B-4073-B156-A3CE8DC11CBB}"
EndProject
Global
	GlobalSection(SolutionConfigurationPlatforms) = preSolution
		Debug|Any CPU = Debug|Any CPU
		Release|Any CPU = Release|Any CPU
	EndGlobalSection
	GlobalSection(ProjectConfigurationPlatforms) = postSolution
		{B771549D-249B-4073-B156-A3CE8DC11CBB}.Debug|Any CPU.ActiveCfg = Debug|Any CPU
		{B771549D-249B-4073-B156-A3CE8DC11CBB}.Debug|Any CPU.Build.0 = Debug|Any CPU
		{B771549D-249B-4073-B156-A3CE8DC11CBB}.Release|Any CPU.ActiveCfg = Release|Any CPU
		{B771549D-249B-4073-B156-A3CE8DC11CBB}.Release|Any CPU.Build.0 = Release|Any CPU
	EndGlobalSection
	GlobalSection(SolutionProperties) = preSolution
		HideSolutionNode = FALSE
	EndGlobalSection
	GlobalSection(ExtensibilityGlobals) = postSolution
		SolutionGuid = {E511667C-522D-4731-B871-108DC71F4599}
	EndGlobalSection
EndGlobal
